// !$*UTF8*$!
{
	archiveVersion = 1;
	classes = {
	};
	objectVersion = 55;
	objects = {

/* Begin PBXBuildFile section */
		B678A16028E030BF002EEAA6 /* TheUltimateCheatSheetApp.swift in Sources */ = {isa = PBXBuildFile; fileRef = B678A15F28E030BF002EEAA6 /* TheUltimateCheatSheetApp.swift */; };
		B678A16228E030BF002EEAA6 /* ContentView.swift in Sources */ = {isa = PBXBuildFile; fileRef = B678A16128E030BF002EEAA6 /* ContentView.swift */; };
		B678A16428E030C0002EEAA6 /* Assets.xcassets in Resources */ = {isa = PBXBuildFile; fileRef = B678A16328E030C0002EEAA6 /* Assets.xcassets */; };
		B678A16728E030C0002EEAA6 /* Preview Assets.xcassets in Resources */ = {isa = PBXBuildFile; fileRef = B678A16628E030C0002EEAA6 /* Preview Assets.xcassets */; };
		B678A16E28E035C7002EEAA6 /* TextExample.swift in Sources */ = {isa = PBXBuildFile; fileRef = B678A16D28E035C7002EEAA6 /* TextExample.swift */; };
		B678A17028E035E1002EEAA6 /* ShapesExample.swift in Sources */ = {isa = PBXBuildFile; fileRef = B678A16F28E035E1002EEAA6 /* ShapesExample.swift */; };
		B6A1E00728E039A1000B3208 /* ColorsExample.swift in Sources */ = {isa = PBXBuildFile; fileRef = B6A1E00628E039A1000B3208 /* ColorsExample.swift */; };
		B6A1E00928E03DD0000B3208 /* GratientsExample.swift in Sources */ = {isa = PBXBuildFile; fileRef = B6A1E00828E03DD0000B3208 /* GratientsExample.swift */; };
		B6A1E00B28E03EAB000B3208 /* IconsExample.swift in Sources */ = {isa = PBXBuildFile; fileRef = B6A1E00A28E03EAB000B3208 /* IconsExample.swift */; };
		B6A1E00D28E04008000B3208 /* ImageExamples.swift in Sources */ = {isa = PBXBuildFile; fileRef = B6A1E00C28E04008000B3208 /* ImageExamples.swift */; };
		B6A1E00F28E040A2000B3208 /* FrameExample.swift in Sources */ = {isa = PBXBuildFile; fileRef = B6A1E00E28E040A2000B3208 /* FrameExample.swift */; };
		B6A1E01128E040F7000B3208 /* Background&OverlayExample.swift in Sources */ = {isa = PBXBuildFile; fileRef = B6A1E01028E040F7000B3208 /* Background&OverlayExample.swift */; };
		B6A1E01328E0415F000B3208 /* StacksExample.swift in Sources */ = {isa = PBXBuildFile; fileRef = B6A1E01228E0415F000B3208 /* StacksExample.swift */; };
		B6A1E01528E041CB000B3208 /* Padding&SpacerExample.swift in Sources */ = {isa = PBXBuildFile; fileRef = B6A1E01428E041CB000B3208 /* Padding&SpacerExample.swift */; };
		B6A1E01728E04251000B3208 /* InitializerExample.swift in Sources */ = {isa = PBXBuildFile; fileRef = B6A1E01628E04251000B3208 /* InitializerExample.swift */; };
		B6A1E01928E47ECD000B3208 /* ForEachExample.swift in Sources */ = {isa = PBXBuildFile; fileRef = B6A1E01828E47ECD000B3208 /* ForEachExample.swift */; };
		B6A1E01B28E47F56000B3208 /* ScrollViewExample.swift in Sources */ = {isa = PBXBuildFile; fileRef = B6A1E01A28E47F56000B3208 /* ScrollViewExample.swift */; };
		B6A1E01D28E47FDE000B3208 /* GridExample.swift in Sources */ = {isa = PBXBuildFile; fileRef = B6A1E01C28E47FDE000B3208 /* GridExample.swift */; };
		B6A1E01F28E48059000B3208 /* SafeAreaExample.swift in Sources */ = {isa = PBXBuildFile; fileRef = B6A1E01E28E48059000B3208 /* SafeAreaExample.swift */; };
		B6A1E02128E4809C000B3208 /* ButtonsExample.swift in Sources */ = {isa = PBXBuildFile; fileRef = B6A1E02028E4809C000B3208 /* ButtonsExample.swift */; };
		B6A1E02428E4810B000B3208 /* StateExample.swift in Sources */ = {isa = PBXBuildFile; fileRef = B6A1E02328E4810B000B3208 /* StateExample.swift */; };
		B6A1E02628E48189000B3208 /* ExtractedVar&FuncExample.swift in Sources */ = {isa = PBXBuildFile; fileRef = B6A1E02528E48189000B3208 /* ExtractedVar&FuncExample.swift */; };
		B6A1E02828E482A3000B3208 /* ExtractSubviewsExample.swift in Sources */ = {isa = PBXBuildFile; fileRef = B6A1E02728E482A3000B3208 /* ExtractSubviewsExample.swift */; };
		B6A1E02A28E56370000B3208 /* BindingExample.swift in Sources */ = {isa = PBXBuildFile; fileRef = B6A1E02928E56370000B3208 /* BindingExample.swift */; };
		B6A1E02C28E56724000B3208 /* ConditionalExample.swift in Sources */ = {isa = PBXBuildFile; fileRef = B6A1E02B28E56724000B3208 /* ConditionalExample.swift */; };
		B6A1E02E28E56BF0000B3208 /* TernaryExample.swift in Sources */ = {isa = PBXBuildFile; fileRef = B6A1E02D28E56BF0000B3208 /* TernaryExample.swift */; };
/* End PBXBuildFile section */

/* Begin PBXFileReference section */
		B678A15C28E030BF002EEAA6 /* TheUltimateCheatSheet.app */ = {isa = PBXFileReference; explicitFileType = wrapper.application; includeInIndex = 0; path = TheUltimateCheatSheet.app; sourceTree = BUILT_PRODUCTS_DIR; };
		B678A15F28E030BF002EEAA6 /* TheUltimateCheatSheetApp.swift */ = {isa = PBXFileReference; lastKnownFileType = sourcecode.swift; path = TheUltimateCheatSheetApp.swift; sourceTree = "<group>"; };
		B678A16128E030BF002EEAA6 /* ContentView.swift */ = {isa = PBXFileReference; lastKnownFileType = sourcecode.swift; path = ContentView.swift; sourceTree = "<group>"; };
		B678A16328E030C0002EEAA6 /* Assets.xcassets */ = {isa = PBXFileReference; lastKnownFileType = folder.assetcatalog; path = Assets.xcassets; sourceTree = "<group>"; };
		B678A16628E030C0002EEAA6 /* Preview Assets.xcassets */ = {isa = PBXFileReference; lastKnownFileType = folder.assetcatalog; path = "Preview Assets.xcassets"; sourceTree = "<group>"; };
		B678A16D28E035C7002EEAA6 /* TextExample.swift */ = {isa = PBXFileReference; lastKnownFileType = sourcecode.swift; path = TextExample.swift; sourceTree = "<group>"; };
		B678A16F28E035E1002EEAA6 /* ShapesExample.swift */ = {isa = PBXFileReference; lastKnownFileType = sourcecode.swift; path = ShapesExample.swift; sourceTree = "<group>"; };
		B6A1E00628E039A1000B3208 /* ColorsExample.swift */ = {isa = PBXFileReference; lastKnownFileType = sourcecode.swift; path = ColorsExample.swift; sourceTree = "<group>"; };
		B6A1E00828E03DD0000B3208 /* GratientsExample.swift */ = {isa = PBXFileReference; lastKnownFileType = sourcecode.swift; path = GratientsExample.swift; sourceTree = "<group>"; };
		B6A1E00A28E03EAB000B3208 /* IconsExample.swift */ = {isa = PBXFileReference; lastKnownFileType = sourcecode.swift; path = IconsExample.swift; sourceTree = "<group>"; };
		B6A1E00C28E04008000B3208 /* ImageExamples.swift */ = {isa = PBXFileReference; lastKnownFileType = sourcecode.swift; path = ImageExamples.swift; sourceTree = "<group>"; };
		B6A1E00E28E040A2000B3208 /* FrameExample.swift */ = {isa = PBXFileReference; lastKnownFileType = sourcecode.swift; path = FrameExample.swift; sourceTree = "<group>"; };
		B6A1E01028E040F7000B3208 /* Background&OverlayExample.swift */ = {isa = PBXFileReference; lastKnownFileType = sourcecode.swift; path = "Background&OverlayExample.swift"; sourceTree = "<group>"; };
		B6A1E01228E0415F000B3208 /* StacksExample.swift */ = {isa = PBXFileReference; lastKnownFileType = sourcecode.swift; path = StacksExample.swift; sourceTree = "<group>"; };
		B6A1E01428E041CB000B3208 /* Padding&SpacerExample.swift */ = {isa = PBXFileReference; lastKnownFileType = sourcecode.swift; path = "Padding&SpacerExample.swift"; sourceTree = "<group>"; };
		B6A1E01628E04251000B3208 /* InitializerExample.swift */ = {isa = PBXFileReference; lastKnownFileType = sourcecode.swift; path = InitializerExample.swift; sourceTree = "<group>"; };
		B6A1E01828E47ECD000B3208 /* ForEachExample.swift */ = {isa = PBXFileReference; lastKnownFileType = sourcecode.swift; path = ForEachExample.swift; sourceTree = "<group>"; };
		B6A1E01A28E47F56000B3208 /* ScrollViewExample.swift */ = {isa = PBXFileReference; lastKnownFileType = sourcecode.swift; path = ScrollViewExample.swift; sourceTree = "<group>"; };
		B6A1E01C28E47FDE000B3208 /* GridExample.swift */ = {isa = PBXFileReference; lastKnownFileType = sourcecode.swift; path = GridExample.swift; sourceTree = "<group>"; };
		B6A1E01E28E48059000B3208 /* SafeAreaExample.swift */ = {isa = PBXFileReference; lastKnownFileType = sourcecode.swift; path = SafeAreaExample.swift; sourceTree = "<group>"; };
		B6A1E02028E4809C000B3208 /* ButtonsExample.swift */ = {isa = PBXFileReference; lastKnownFileType = sourcecode.swift; path = ButtonsExample.swift; sourceTree = "<group>"; };
		B6A1E02328E4810B000B3208 /* StateExample.swift */ = {isa = PBXFileReference; lastKnownFileType = sourcecode.swift; path = StateExample.swift; sourceTree = "<group>"; };
		B6A1E02528E48189000B3208 /* ExtractedVar&FuncExample.swift */ = {isa = PBXFileReference; lastKnownFileType = sourcecode.swift; path = "ExtractedVar&FuncExample.swift"; sourceTree = "<group>"; };
		B6A1E02728E482A3000B3208 /* ExtractSubviewsExample.swift */ = {isa = PBXFileReference; lastKnownFileType = sourcecode.swift; path = ExtractSubviewsExample.swift; sourceTree = "<group>"; };
		B6A1E02928E56370000B3208 /* BindingExample.swift */ = {isa = PBXFileReference; lastKnownFileType = sourcecode.swift; path = BindingExample.swift; sourceTree = "<group>"; };
		B6A1E02B28E56724000B3208 /* ConditionalExample.swift */ = {isa = PBXFileReference; lastKnownFileType = sourcecode.swift; path = ConditionalExample.swift; sourceTree = "<group>"; };
		B6A1E02D28E56BF0000B3208 /* TernaryExample.swift */ = {isa = PBXFileReference; lastKnownFileType = sourcecode.swift; path = TernaryExample.swift; sourceTree = "<group>"; };
/* End PBXFileReference section */

/* Begin PBXFrameworksBuildPhase section */
		B678A15928E030BF002EEAA6 /* Frameworks */ = {
			isa = PBXFrameworksBuildPhase;
			buildActionMask = 2147483647;
			files = (
			);
			runOnlyForDeploymentPostprocessing = 0;
		};
/* End PBXFrameworksBuildPhase section */

/* Begin PBXGroup section */
		B678A15328E030BF002EEAA6 = {
			isa = PBXGroup;
			children = (
				B678A15E28E030BF002EEAA6 /* TheUltimateCheatSheet */,
				B678A15D28E030BF002EEAA6 /* Products */,
			);
			sourceTree = "<group>";
		};
		B678A15D28E030BF002EEAA6 /* Products */ = {
			isa = PBXGroup;
			children = (
				B678A15C28E030BF002EEAA6 /* TheUltimateCheatSheet.app */,
			);
			name = Products;
			sourceTree = "<group>";
		};
		B678A15E28E030BF002EEAA6 /* TheUltimateCheatSheet */ = {
			isa = PBXGroup;
			children = (
				B678A15F28E030BF002EEAA6 /* TheUltimateCheatSheetApp.swift */,
				B678A16128E030BF002EEAA6 /* ContentView.swift */,
				B678A16D28E035C7002EEAA6 /* TextExample.swift */,
				B6A1E01C28E47FDE000B3208 /* GridExample.swift */,
				B6A1E01E28E48059000B3208 /* SafeAreaExample.swift */,
				B6A1E00828E03DD0000B3208 /* GratientsExample.swift */,
				B6A1E01228E0415F000B3208 /* StacksExample.swift */,
				B6A1E01028E040F7000B3208 /* Background&OverlayExample.swift */,
				B6A1E01428E041CB000B3208 /* Padding&SpacerExample.swift */,
				B6A1E02B28E56724000B3208 /* ConditionalExample.swift */,
				B6A1E02528E48189000B3208 /* ExtractedVar&FuncExample.swift */,
				B6A1E02D28E56BF0000B3208 /* TernaryExample.swift */,
				B6A1E02728E482A3000B3208 /* ExtractSubviewsExample.swift */,
				B678A16F28E035E1002EEAA6 /* ShapesExample.swift */,
				B6A1E01628E04251000B3208 /* InitializerExample.swift */,
				B6A1E02328E4810B000B3208 /* StateExample.swift */,
				B6A1E02028E4809C000B3208 /* ButtonsExample.swift */,
				B6A1E02928E56370000B3208 /* BindingExample.swift */,
				B6A1E01A28E47F56000B3208 /* ScrollViewExample.swift */,
				B6A1E01828E47ECD000B3208 /* ForEachExample.swift */,
				B6A1E00A28E03EAB000B3208 /* IconsExample.swift */,
				B6A1E00E28E040A2000B3208 /* FrameExample.swift */,
				B6A1E00C28E04008000B3208 /* ImageExamples.swift */,
				B6A1E00628E039A1000B3208 /* ColorsExample.swift */,
				B678A16328E030C0002EEAA6 /* Assets.xcassets */,
				B678A16528E030C0002EEAA6 /* Preview Content */,
			);
			path = TheUltimateCheatSheet;
			sourceTree = "<group>";
		};
		B678A16528E030C0002EEAA6 /* Preview Content */ = {
			isa = PBXGroup;
			children = (
				B678A16628E030C0002EEAA6 /* Preview Assets.xcassets */,
			);
			path = "Preview Content";
			sourceTree = "<group>";
		};
/* End PBXGroup section */

/* Begin PBXNativeTarget section */
		B678A15B28E030BF002EEAA6 /* TheUltimateCheatSheet */ = {
			isa = PBXNativeTarget;
			buildConfigurationList = B678A16A28E030C0002EEAA6 /* Build configuration list for PBXNativeTarget "TheUltimateCheatSheet" */;
			buildPhases = (
				B678A15828E030BF002EEAA6 /* Sources */,
				B678A15928E030BF002EEAA6 /* Frameworks */,
				B678A15A28E030BF002EEAA6 /* Resources */,
			);
			buildRules = (
			);
			dependencies = (
			);
			name = TheUltimateCheatSheet;
			productName = TheUltimateCheatSheet;
			productReference = B678A15C28E030BF002EEAA6 /* TheUltimateCheatSheet.app */;
			productType = "com.apple.product-type.application";
		};
/* End PBXNativeTarget section */

/* Begin PBXProject section */
		B678A15428E030BF002EEAA6 /* Project object */ = {
			isa = PBXProject;
			attributes = {
				BuildIndependentTargetsInParallel = 1;
				LastSwiftUpdateCheck = 1340;
				LastUpgradeCheck = 1340;
				TargetAttributes = {
					B678A15B28E030BF002EEAA6 = {
						CreatedOnToolsVersion = 13.4.1;
					};
				};
			};
			buildConfigurationList = B678A15728E030BF002EEAA6 /* Build configuration list for PBXProject "TheUltimateCheatSheet" */;
			compatibilityVersion = "Xcode 13.0";
			developmentRegion = en;
			hasScannedForEncodings = 0;
			knownRegions = (
				en,
				Base,
			);
			mainGroup = B678A15328E030BF002EEAA6;
			productRefGroup = B678A15D28E030BF002EEAA6 /* Products */;
			projectDirPath = "";
			projectRoot = "";
			targets = (
				B678A15B28E030BF002EEAA6 /* TheUltimateCheatSheet */,
			);
		};
/* End PBXProject section */

/* Begin PBXResourcesBuildPhase section */
		B678A15A28E030BF002EEAA6 /* Resources */ = {
			isa = PBXResourcesBuildPhase;
			buildActionMask = 2147483647;
			files = (
				B678A16728E030C0002EEAA6 /* Preview Assets.xcassets in Resources */,
				B678A16428E030C0002EEAA6 /* Assets.xcassets in Resources */,
			);
			runOnlyForDeploymentPostprocessing = 0;
		};
/* End PBXResourcesBuildPhase section */

/* Begin PBXSourcesBuildPhase section */
		B678A15828E030BF002EEAA6 /* Sources */ = {
			isa = PBXSourcesBuildPhase;
			buildActionMask = 2147483647;
			files = (
				B6A1E02C28E56724000B3208 /* ConditionalExample.swift in Sources */,
				B6A1E00D28E04008000B3208 /* ImageExamples.swift in Sources */,
				B6A1E01F28E48059000B3208 /* SafeAreaExample.swift in Sources */,
				B6A1E02128E4809C000B3208 /* ButtonsExample.swift in Sources */,
				B6A1E00928E03DD0000B3208 /* GratientsExample.swift in Sources */,
				B6A1E00728E039A1000B3208 /* ColorsExample.swift in Sources */,
				B678A16228E030BF002EEAA6 /* ContentView.swift in Sources */,
				B6A1E01328E0415F000B3208 /* StacksExample.swift in Sources */,
				B6A1E02E28E56BF0000B3208 /* TernaryExample.swift in Sources */,
				B6A1E01528E041CB000B3208 /* Padding&SpacerExample.swift in Sources */,
				B6A1E01128E040F7000B3208 /* Background&OverlayExample.swift in Sources */,
				B6A1E01728E04251000B3208 /* InitializerExample.swift in Sources */,
				B6A1E00B28E03EAB000B3208 /* IconsExample.swift in Sources */,
				B6A1E01B28E47F56000B3208 /* ScrollViewExample.swift in Sources */,
				B6A1E00F28E040A2000B3208 /* FrameExample.swift in Sources */,
				B6A1E02628E48189000B3208 /* ExtractedVar&FuncExample.swift in Sources */,
				B6A1E02A28E56370000B3208 /* BindingExample.swift in Sources */,
				B678A16E28E035C7002EEAA6 /* TextExample.swift in Sources */,
				B6A1E02428E4810B000B3208 /* StateExample.swift in Sources */,
				B6A1E02828E482A3000B3208 /* ExtractSubviewsExample.swift in Sources */,
				B6A1E01928E47ECD000B3208 /* ForEachExample.swift in Sources */,
				B678A17028E035E1002EEAA6 /* ShapesExample.swift in Sources */,
				B6A1E01D28E47FDE000B3208 /* GridExample.swift in Sources */,
				B678A16028E030BF002EEAA6 /* TheUltimateCheatSheetApp.swift in Sources */,
			);
			runOnlyForDeploymentPostprocessing = 0;
		};
/* End PBXSourcesBuildPhase section */

/* Begin XCBuildConfiguration section */
		B678A16828E030C0002EEAA6 /* Debug */ = {
			isa = XCBuildConfiguration;
			buildSettings = {
				ALWAYS_SEARCH_USER_PATHS = NO;
				CLANG_ANALYZER_NONNULL = YES;
				CLANG_ANALYZER_NUMBER_OBJECT_CONVERSION = YES_AGGRESSIVE;
				CLANG_CXX_LANGUAGE_STANDARD = "gnu++17";
				CLANG_ENABLE_MODULES = YES;
				CLANG_ENABLE_OBJC_ARC = YES;
				CLANG_ENABLE_OBJC_WEAK = YES;
				CLANG_WARN_BLOCK_CAPTURE_AUTORELEASING = YES;
				CLANG_WARN_BOOL_CONVERSION = YES;
				CLANG_WARN_COMMA = YES;
				CLANG_WARN_CONSTANT_CONVERSION = YES;
				CLANG_WARN_DEPRECATED_OBJC_IMPLEMENTATIONS = YES;
				CLANG_WARN_DIRECT_OBJC_ISA_USAGE = YES_ERROR;
				CLANG_WARN_DOCUMENTATION_COMMENTS = YES;
				CLANG_WARN_EMPTY_BODY = YES;
				CLANG_WARN_ENUM_CONVERSION = YES;
				CLANG_WARN_INFINITE_RECURSION = YES;
				CLANG_WARN_INT_CONVERSION = YES;
				CLANG_WARN_NON_LITERAL_NULL_CONVERSION = YES;
				CLANG_WARN_OBJC_IMPLICIT_RETAIN_SELF = YES;
				CLANG_WARN_OBJC_LITERAL_CONVERSION = YES;
				CLANG_WARN_OBJC_ROOT_CLASS = YES_ERROR;
				CLANG_WARN_QUOTED_INCLUDE_IN_FRAMEWORK_HEADER = YES;
				CLANG_WARN_RANGE_LOOP_ANALYSIS = YES;
				CLANG_WARN_STRICT_PROTOTYPES = YES;
				CLANG_WARN_SUSPICIOUS_MOVE = YES;
				CLANG_WARN_UNGUARDED_AVAILABILITY = YES_AGGRESSIVE;
				CLANG_WARN_UNREACHABLE_CODE = YES;
				CLANG_WARN__DUPLICATE_METHOD_MATCH = YES;
				COPY_PHASE_STRIP = NO;
				DEBUG_INFORMATION_FORMAT = dwarf;
				ENABLE_STRICT_OBJC_MSGSEND = YES;
				ENABLE_TESTABILITY = YES;
				GCC_C_LANGUAGE_STANDARD = gnu11;
				GCC_DYNAMIC_NO_PIC = NO;
				GCC_NO_COMMON_BLOCKS = YES;
				GCC_OPTIMIZATION_LEVEL = 0;
				GCC_PREPROCESSOR_DEFINITIONS = (
					"DEBUG=1",
					"$(inherited)",
				);
				GCC_WARN_64_TO_32_BIT_CONVERSION = YES;
				GCC_WARN_ABOUT_RETURN_TYPE = YES_ERROR;
				GCC_WARN_UNDECLARED_SELECTOR = YES;
				GCC_WARN_UNINITIALIZED_AUTOS = YES_AGGRESSIVE;
				GCC_WARN_UNUSED_FUNCTION = YES;
				GCC_WARN_UNUSED_VARIABLE = YES;
				IPHONEOS_DEPLOYMENT_TARGET = 15.5;
				MTL_ENABLE_DEBUG_INFO = INCLUDE_SOURCE;
				MTL_FAST_MATH = YES;
				ONLY_ACTIVE_ARCH = YES;
				SDKROOT = iphoneos;
				SWIFT_ACTIVE_COMPILATION_CONDITIONS = DEBUG;
				SWIFT_OPTIMIZATION_LEVEL = "-Onone";
			};
			name = Debug;
		};
		B678A16928E030C0002EEAA6 /* Release */ = {
			isa = XCBuildConfiguration;
			buildSettings = {
				ALWAYS_SEARCH_USER_PATHS = NO;
				CLANG_ANALYZER_NONNULL = YES;
				CLANG_ANALYZER_NUMBER_OBJECT_CONVERSION = YES_AGGRESSIVE;
				CLANG_CXX_LANGUAGE_STANDARD = "gnu++17";
				CLANG_ENABLE_MODULES = YES;
				CLANG_ENABLE_OBJC_ARC = YES;
				CLANG_ENABLE_OBJC_WEAK = YES;
				CLANG_WARN_BLOCK_CAPTURE_AUTORELEASING = YES;
				CLANG_WARN_BOOL_CONVERSION = YES;
				CLANG_WARN_COMMA = YES;
				CLANG_WARN_CONSTANT_CONVERSION = YES;
				CLANG_WARN_DEPRECATED_OBJC_IMPLEMENTATIONS = YES;
				CLANG_WARN_DIRECT_OBJC_ISA_USAGE = YES_ERROR;
				CLANG_WARN_DOCUMENTATION_COMMENTS = YES;
				CLANG_WARN_EMPTY_BODY = YES;
				CLANG_WARN_ENUM_CONVERSION = YES;
				CLANG_WARN_INFINITE_RECURSION = YES;
				CLANG_WARN_INT_CONVERSION = YES;
				CLANG_WARN_NON_LITERAL_NULL_CONVERSION = YES;
				CLANG_WARN_OBJC_IMPLICIT_RETAIN_SELF = YES;
				CLANG_WARN_OBJC_LITERAL_CONVERSION = YES;
				CLANG_WARN_OBJC_ROOT_CLASS = YES_ERROR;
				CLANG_WARN_QUOTED_INCLUDE_IN_FRAMEWORK_HEADER = YES;
				CLANG_WARN_RANGE_LOOP_ANALYSIS = YES;
				CLANG_WARN_STRICT_PROTOTYPES = YES;
				CLANG_WARN_SUSPICIOUS_MOVE = YES;
				CLANG_WARN_UNGUARDED_AVAILABILITY = YES_AGGRESSIVE;
				CLANG_WARN_UNREACHABLE_CODE = YES;
				CLANG_WARN__DUPLICATE_METHOD_MATCH = YES;
				COPY_PHASE_STRIP = NO;
				DEBUG_INFORMATION_FORMAT = "dwarf-with-dsym";
				ENABLE_NS_ASSERTIONS = NO;
				ENABLE_STRICT_OBJC_MSGSEND = YES;
				GCC_C_LANGUAGE_STANDARD = gnu11;
				GCC_NO_COMMON_BLOCKS = YES;
				GCC_WARN_64_TO_32_BIT_CONVERSION = YES;
				GCC_WARN_ABOUT_RETURN_TYPE = YES_ERROR;
				GCC_WARN_UNDECLARED_SELECTOR = YES;
				GCC_WARN_UNINITIALIZED_AUTOS = YES_AGGRESSIVE;
				GCC_WARN_UNUSED_FUNCTION = YES;
				GCC_WARN_UNUSED_VARIABLE = YES;
				IPHONEOS_DEPLOYMENT_TARGET = 15.5;
				MTL_ENABLE_DEBUG_INFO = NO;
				MTL_FAST_MATH = YES;
				SDKROOT = iphoneos;
				SWIFT_COMPILATION_MODE = wholemodule;
				SWIFT_OPTIMIZATION_LEVEL = "-O";
				VALIDATE_PRODUCT = YES;
			};
			name = Release;
		};
		B678A16B28E030C0002EEAA6 /* Debug */ = {
			isa = XCBuildConfiguration;
			buildSettings = {
				ASSETCATALOG_COMPILER_APPICON_NAME = AppIcon;
				ASSETCATALOG_COMPILER_GLOBAL_ACCENT_COLOR_NAME = AccentColor;
				CODE_SIGN_STYLE = Automatic;
				CURRENT_PROJECT_VERSION = 1;
				DEVELOPMENT_ASSET_PATHS = "\"TheUltimateCheatSheet/Preview Content\"";
				ENABLE_PREVIEWS = YES;
				GENERATE_INFOPLIST_FILE = YES;
				INFOPLIST_KEY_UIApplicationSceneManifest_Generation = YES;
				INFOPLIST_KEY_UIApplicationSupportsIndirectInputEvents = YES;
				INFOPLIST_KEY_UILaunchScreen_Generation = YES;
				INFOPLIST_KEY_UISupportedInterfaceOrientations_iPad = "UIInterfaceOrientationPortrait UIInterfaceOrientationPortraitUpsideDown UIInterfaceOrientationLandscapeLeft UIInterfaceOrientationLandscapeRight";
				INFOPLIST_KEY_UISupportedInterfaceOrientations_iPhone = "UIInterfaceOrientationPortrait UIInterfaceOrientationLandscapeLeft UIInterfaceOrientationLandscapeRight";
				LD_RUNPATH_SEARCH_PATHS = (
					"$(inherited)",
					"@executable_path/Frameworks",
				);
				MARKETING_VERSION = 1.0;
				PRODUCT_BUNDLE_IDENTIFIER = com.zachary.TheUltimateCheatSheet;
				PRODUCT_NAME = "$(TARGET_NAME)";
				SWIFT_EMIT_LOC_STRINGS = YES;
				SWIFT_VERSION = 5.0;
				TARGETED_DEVICE_FAMILY = "1,2";
			};
			name = Debug;
		};
		B678A16C28E030C0002EEAA6 /* Release */ = {
			isa = XCBuildConfiguration;
			buildSettings = {
				ASSETCATALOG_COMPILER_APPICON_NAME = AppIcon;
				ASSETCATALOG_COMPILER_GLOBAL_ACCENT_COLOR_NAME = AccentColor;
				CODE_SIGN_STYLE = Automatic;
				CURRENT_PROJECT_VERSION = 1;
				DEVELOPMENT_ASSET_PATHS = "\"TheUltimateCheatSheet/Preview Content\"";
				ENABLE_PREVIEWS = YES;
				GENERATE_INFOPLIST_FILE = YES;
				INFOPLIST_KEY_UIApplicationSceneManifest_Generation = YES;
				INFOPLIST_KEY_UIApplicationSupportsIndirectInputEvents = YES;
				INFOPLIST_KEY_UILaunchScreen_Generation = YES;
				INFOPLIST_KEY_UISupportedInterfaceOrientations_iPad = "UIInterfaceOrientationPortrait UIInterfaceOrientationPortraitUpsideDown UIInterfaceOrientationLandscapeLeft UIInterfaceOrientationLandscapeRight";
				INFOPLIST_KEY_UISupportedInterfaceOrientations_iPhone = "UIInterfaceOrientationPortrait UIInterfaceOrientationLandscapeLeft UIInterfaceOrientationLandscapeRight";
				LD_RUNPATH_SEARCH_PATHS = (
					"$(inherited)",
					"@executable_path/Frameworks",
				);
				MARKETING_VERSION = 1.0;
				PRODUCT_BUNDLE_IDENTIFIER = com.zachary.TheUltimateCheatSheet;
				PRODUCT_NAME = "$(TARGET_NAME)";
				SWIFT_EMIT_LOC_STRINGS = YES;
				SWIFT_VERSION = 5.0;
				TARGETED_DEVICE_FAMILY = "1,2";
			};
			name = Release;
		};
/* End XCBuildConfiguration section */

/* Begin XCConfigurationList section */
		B678A15728E030BF002EEAA6 /* Build configuration list for PBXProject "TheUltimateCheatSheet" */ = {
			isa = XCConfigurationList;
			buildConfigurations = (
				B678A16828E030C0002EEAA6 /* Debug */,
				B678A16928E030C0002EEAA6 /* Release */,
			);
			defaultConfigurationIsVisible = 0;
			defaultConfigurationName = Release;
		};
		B678A16A28E030C0002EEAA6 /* Build configuration list for PBXNativeTarget "TheUltimateCheatSheet" */ = {
			isa = XCConfigurationList;
			buildConfigurations = (
				B678A16B28E030C0002EEAA6 /* Debug */,
				B678A16C28E030C0002EEAA6 /* Release */,
			);
			defaultConfigurationIsVisible = 0;
			defaultConfigurationName = Release;
		};
/* End XCConfigurationList section */
	};
	rootObject = B678A15428E030BF002EEAA6 /* Project object */;
}
